
Microsoft Visual Studio Solution File, Format Version 12.00
# Visual Studio 14
VisualStudioVersion = 14.0.25420.1
MinimumVisualStudioVersion = 10.0.40219.1
Project("{FAE04EC0-301F-11D3-BF4B-00C04F79EFBC}") = "MVCAuthentication", "MVCAuthentication\MVCAuthentication.csproj", "{1AF0A79A-209D-4BF6-812D-15A65E2EC1CA}"
EndProject
Project("{FAE04EC0-301F-11D3-BF4B-00C04F79EFBC}") = "SignalRChat", "..\Chat Web Application in Real Time using ASP.Net MVC and SignalR\C#\SignalRChat\SignalRChat.csproj", "{B3296DF6-D5F9-43AD-A8F2-D1D759AD39E4}"
EndProject
Project("{FAE04EC0-301F-11D3-BF4B-00C04F79EFBC}") = "Videos_Database_MVC", "..\Videos_Database_MVC\Videos_Database_MVC\Videos_Database_MVC.csproj", "{D0ACCD4A-944C-40B6-9DAE-BF0352AA9856}"
EndProject
Global
	GlobalSection(SolutionConfigurationPlatforms) = preSolution
		Debug|Any CPU = Debug|Any CPU
		Release|Any CPU = Release|Any CPU
	EndGlobalSection
	GlobalSection(ProjectConfigurationPlatforms) = postSolution
		{1AF0A79A-209D-4BF6-812D-15A65E2EC1CA}.Debug|Any CPU.ActiveCfg = Debug|Any CPU
		{1AF0A79A-209D-4BF6-812D-15A65E2EC1CA}.Debug|Any CPU.Build.0 = Debug|Any CPU
		{1AF0A79A-209D-4BF6-812D-15A65E2EC1CA}.Release|Any CPU.ActiveCfg = Release|Any CPU
		{1AF0A79A-209D-4BF6-812D-15A65E2EC1CA}.Release|Any CPU.Build.0 = Release|Any CPU
		{B3296DF6-D5F9-43AD-A8F2-D1D759AD39E4}.Debug|Any CPU.ActiveCfg = Debug|Any CPU
		{B3296DF6-D5F9-43AD-A8F2-D1D759AD39E4}.Debug|Any CPU.Build.0 = Debug|Any CPU
		{B3296DF6-D5F9-43AD-A8F2-D1D759AD39E4}.Release|Any CPU.ActiveCfg = Release|Any CPU
		{B3296DF6-D5F9-43AD-A8F2-D1D759AD39E4}.Release|Any CPU.Build.0 = Release|Any CPU
		{D0ACCD4A-944C-40B6-9DAE-BF0352AA9856}.Debug|Any CPU.ActiveCfg = Debug|Any CPU
		{D0ACCD4A-944C-40B6-9DAE-BF0352AA9856}.Debug|Any CPU.Build.0 = Debug|Any CPU
		{D0ACCD4A-944C-40B6-9DAE-BF0352AA9856}.Release|Any CPU.ActiveCfg = Release|Any CPU
		{D0ACCD4A-944C-40B6-9DAE-BF0352AA9856}.Release|Any CPU.Build.0 = Release|Any CPU
	EndGlobalSection
	GlobalSection(SolutionProperties) = preSolution
		HideSolutionNode = FALSE
	EndGlobalSection
EndGlobal
